
Microsoft Visual Studio Solution File, Format Version 12.00
# Visual Studio 2015
Project("{FAE04EC0-301F-11D3-BF4B-00C04F79EFBC}") = "Jetpack Game.CSharp", "Jetpack Game.CSharp.csproj", "{4BAD7B81-B204-BF81-465C-A54AC6561982}"
EndProject
Project("{FAE04EC0-301F-11D3-BF4B-00C04F79EFBC}") = "Jetpack Game.CSharp.Editor", "Jetpack Game.CSharp.Editor.csproj", "{3B3B96C7-9F3A-D4F7-D726-BEA289F5BAD5}"
EndProject
Global
	GlobalSection(SolutionConfigurationPlatforms) = preSolution
		Debug|Any CPU = Debug|Any CPU
		Release|Any CPU = Release|Any CPU
	EndGlobalSection
	GlobalSection(ProjectConfigurationPlatforms) = postSolution
		{4BAD7B81-B204-BF81-465C-A54AC6561982}.Debug|Any CPU.ActiveCfg = Debug|Any CPU
		{4BAD7B81-B204-BF81-465C-A54AC6561982}.Debug|Any CPU.Build.0 = Debug|Any CPU
		{4BAD7B81-B204-BF81-465C-A54AC6561982}.Release|Any CPU.ActiveCfg = Release|Any CPU
		{4BAD7B81-B204-BF81-465C-A54AC6561982}.Release|Any CPU.Build.0 = Release|Any CPU
		{3B3B96C7-9F3A-D4F7-D726-BEA289F5BAD5}.Debug|Any CPU.ActiveCfg = Debug|Any CPU
		{3B3B96C7-9F3A-D4F7-D726-BEA289F5BAD5}.Debug|Any CPU.Build.0 = Debug|Any CPU
		{3B3B96C7-9F3A-D4F7-D726-BEA289F5BAD5}.Release|Any CPU.ActiveCfg = Release|Any CPU
		{3B3B96C7-9F3A-D4F7-D726-BEA289F5BAD5}.Release|Any CPU.Build.0 = Release|Any CPU
	EndGlobalSection
	GlobalSection(SolutionProperties) = preSolution
		HideSolutionNode = FALSE
	EndGlobalSection
EndGlobal
